
Microsoft Visual Studio Solution File, Format Version 12.00
# Visual Studio Version 16
VisualStudioVersion = 16.0.35826.135
MinimumVisualStudioVersion = 10.0.40219.1
Project("{FAE04EC0-301F-11D3-BF4B-00C04F79EFBC}") = "Module-login", "Module-demo\Module-login.csproj", "{9017E2BD-D216-41A6-B3CD-B20A0D7A98EE}"
EndProject
Project("{FAE04EC0-301F-11D3-BF4B-00C04F79EFBC}") = "Module-Auth", "Module-Auth\Module-Auth.csproj", "{0B90C64A-CE7B-43B3-888E-0EC0BA528882}"
EndProject
Global
	GlobalSection(SolutionConfigurationPlatforms) = preSolution
		Debug|Any CPU = Debug|Any CPU
		Release|Any CPU = Release|Any CPU
	EndGlobalSection
	GlobalSection(ProjectConfigurationPlatforms) = postSolution
		{9017E2BD-D216-41A6-B3CD-B20A0D7A98EE}.Debug|Any CPU.ActiveCfg = Debug|Any CPU
		{9017E2BD-D216-41A6-B3CD-B20A0D7A98EE}.Debug|Any CPU.Build.0 = Debug|Any CPU
		{9017E2BD-D216-41A6-B3CD-B20A0D7A98EE}.Release|Any CPU.ActiveCfg = Release|Any CPU
		{9017E2BD-D216-41A6-B3CD-B20A0D7A98EE}.Release|Any CPU.Build.0 = Release|Any CPU
		{0B90C64A-CE7B-43B3-888E-0EC0BA528882}.Debug|Any CPU.ActiveCfg = Debug|Any CPU
		{0B90C64A-CE7B-43B3-888E-0EC0BA528882}.Debug|Any CPU.Build.0 = Debug|Any CPU
		{0B90C64A-CE7B-43B3-888E-0EC0BA528882}.Release|Any CPU.ActiveCfg = Release|Any CPU
		{0B90C64A-CE7B-43B3-888E-0EC0BA528882}.Release|Any CPU.Build.0 = Release|Any CPU
	EndGlobalSection
	GlobalSection(SolutionProperties) = preSolution
		HideSolutionNode = FALSE
	EndGlobalSection
	GlobalSection(ExtensibilityGlobals) = postSolution
		SolutionGuid = {37A04D0D-E387-4B6D-BE30-D3FE49A6C93D}
	EndGlobalSection
EndGlobal
